{
  "name": "mengxue",
  "lockfileVersion": 3,
  "requires": true,
  "packages": {
    "": {
      "dependencies": {
        "hanzi-writer": "3.5",
        "hanzi-writer-data": "2.0"
      }
    },
    "node_modules/hanzi-writer": {
      "version": "3.5.0",
      "resolved": "https://registry.npmmirror.com/hanzi-writer/-/hanzi-writer-3.5.0.tgz",
      "integrity": "sha512-ItQ0xJ4AQ1jxH/vDlaNpIjuFxQac+LDg5UdhiNJkl0UC8cuZLyamI3Y6Yxm3j0hFmsBnBpUUu7RhIzcPG6AABA=="
    },
    "node_modules/hanzi-writer-data": {
      "version": "2.0.1",
      "resolved": "https://registry.npmmirror.com/hanzi-writer-data/-/hanzi-writer-data-2.0.1.tgz",
      "integrity": "sha512-nbQwM+MaryGoq7pBMIZLCd3lFq03nXuJuwku1+6UbjL58uU+9OULVcMkoNvNuJSoIV7f1bbPRfD4D/LQa5S7qg==",
      "license": "SEE LICENSE IN ARPHICPL.TXT"
    }
  }
}
